
Microsoft Visual Studio Solution File, Format Version 12.00
# Visual Studio Version 17
VisualStudioVersion = 17.9.34616.47
MinimumVisualStudioVersion = 10.0.40219.1
Project("{FAE04EC0-301F-11D3-BF4B-00C04F79EFBC}") = "RekenMachine", "RekenMachine\RekenMachine.csproj", "{09DC48F0-B0EC-43D3-B195-2439C5D6B239}"
EndProject
Global
	GlobalSection(SolutionConfigurationPlatforms) = preSolution
		Debug|Any CPU = Debug|Any CPU
		Release|Any CPU = Release|Any CPU
	EndGlobalSection
	GlobalSection(ProjectConfigurationPlatforms) = postSolution
		{09DC48F0-B0EC-43D3-B195-2439C5D6B239}.Debug|Any CPU.ActiveCfg = Debug|Any CPU
		{09DC48F0-B0EC-43D3-B195-2439C5D6B239}.Debug|Any CPU.Build.0 = Debug|Any CPU
		{09DC48F0-B0EC-43D3-B195-2439C5D6B239}.Release|Any CPU.ActiveCfg = Release|Any CPU
		{09DC48F0-B0EC-43D3-B195-2439C5D6B239}.Release|Any CPU.Build.0 = Release|Any CPU
	EndGlobalSection
	GlobalSection(SolutionProperties) = preSolution
		HideSolutionNode = FALSE
	EndGlobalSection
	GlobalSection(ExtensibilityGlobals) = postSolution
		SolutionGuid = {1EB701A1-158C-4A67-8233-C9B84D122286}
	EndGlobalSection
EndGlobal
